
Microsoft Visual Studio Solution File, Format Version 12.00
# Visual Studio Version 17
VisualStudioVersion = 17.0.31903.59
MinimumVisualStudioVersion = 10.0.40219.1
Project("{FAE04EC0-301F-11D3-BF4B-00C04F79EFBC}") = "API", "API\API.csproj", "{8D22CA50-21FB-42E4-BC0B-A1A17C80E4DE}"
EndProject
Project("{FAE04EC0-301F-11D3-BF4B-00C04F79EFBC}") = "Core", "Core\Core.csproj", "{33482B37-34C2-41F9-98C9-48B5690D8B16}"
EndProject
Project("{FAE04EC0-301F-11D3-BF4B-00C04F79EFBC}") = "Infrastructure", "Infrastructure\Infrastructure.csproj", "{19C4D9B0-31F4-4DA1-9714-6052DA1349EC}"
EndProject
Global
	GlobalSection(SolutionConfigurationPlatforms) = preSolution
		Debug|Any CPU = Debug|Any CPU
		Release|Any CPU = Release|Any CPU
	EndGlobalSection
	GlobalSection(SolutionProperties) = preSolution
		HideSolutionNode = FALSE
	EndGlobalSection
	GlobalSection(ProjectConfigurationPlatforms) = postSolution
		{8D22CA50-21FB-42E4-BC0B-A1A17C80E4DE}.Debug|Any CPU.ActiveCfg = Debug|Any CPU
		{8D22CA50-21FB-42E4-BC0B-A1A17C80E4DE}.Debug|Any CPU.Build.0 = Debug|Any CPU
		{8D22CA50-21FB-42E4-BC0B-A1A17C80E4DE}.Release|Any CPU.ActiveCfg = Release|Any CPU
		{8D22CA50-21FB-42E4-BC0B-A1A17C80E4DE}.Release|Any CPU.Build.0 = Release|Any CPU
		{33482B37-34C2-41F9-98C9-48B5690D8B16}.Debug|Any CPU.ActiveCfg = Debug|Any CPU
		{33482B37-34C2-41F9-98C9-48B5690D8B16}.Debug|Any CPU.Build.0 = Debug|Any CPU
		{33482B37-34C2-41F9-98C9-48B5690D8B16}.Release|Any CPU.ActiveCfg = Release|Any CPU
		{33482B37-34C2-41F9-98C9-48B5690D8B16}.Release|Any CPU.Build.0 = Release|Any CPU
		{19C4D9B0-31F4-4DA1-9714-6052DA1349EC}.Debug|Any CPU.ActiveCfg = Debug|Any CPU
		{19C4D9B0-31F4-4DA1-9714-6052DA1349EC}.Debug|Any CPU.Build.0 = Debug|Any CPU
		{19C4D9B0-31F4-4DA1-9714-6052DA1349EC}.Release|Any CPU.ActiveCfg = Release|Any CPU
		{19C4D9B0-31F4-4DA1-9714-6052DA1349EC}.Release|Any CPU.Build.0 = Release|Any CPU
	EndGlobalSection
EndGlobal
